
Microsoft Visual Studio Solution File, Format Version 12.00
# Visual Studio Version 17
VisualStudioVersion = 17.0.31912.275
MinimumVisualStudioVersion = 10.0.40219.1
Project("{FAE04EC0-301F-11D3-BF4B-00C04F79EFBC}") = "SimpleEncryptions", "SimpleEncryptions.csproj", "{4E75A08B-D832-4FDA-B7EC-0B9D073C3BD0}"
EndProject
Global
	GlobalSection(SolutionConfigurationPlatforms) = preSolution
		Debug|Any CPU = Debug|Any CPU
		Release|Any CPU = Release|Any CPU
	EndGlobalSection
	GlobalSection(ProjectConfigurationPlatforms) = postSolution
		{4E75A08B-D832-4FDA-B7EC-0B9D073C3BD0}.Debug|Any CPU.ActiveCfg = Debug|Any CPU
		{4E75A08B-D832-4FDA-B7EC-0B9D073C3BD0}.Debug|Any CPU.Build.0 = Debug|Any CPU
		{4E75A08B-D832-4FDA-B7EC-0B9D073C3BD0}.Release|Any CPU.ActiveCfg = Release|Any CPU
		{4E75A08B-D832-4FDA-B7EC-0B9D073C3BD0}.Release|Any CPU.Build.0 = Release|Any CPU
	EndGlobalSection
	GlobalSection(SolutionProperties) = preSolution
		HideSolutionNode = FALSE
	EndGlobalSection
	GlobalSection(ExtensibilityGlobals) = postSolution
		SolutionGuid = {86039A96-6BE3-4064-9623-DF89F501F804}
	EndGlobalSection
EndGlobal
